// !$*UTF8*$!
{
	archiveVersion = 1;
	classes = {
	};
	objectVersion = 50;
	objects = {

/* Begin PBXBuildFile section */
		FB276EEF26D7680C007B69EB /* MemoDAO.swift in Sources */ = {isa = PBXBuildFile; fileRef = FB276EEE26D7680C007B69EB /* MemoDAO.swift */; };
		FB7B242C26CF7C8300919BDB /* UserInfoManager.swift in Sources */ = {isa = PBXBuildFile; fileRef = FB7B242B26CF7C8300919BDB /* UserInfoManager.swift */; };
		FB7B242E26CF848100919BDB /* ProfileVC.swift in Sources */ = {isa = PBXBuildFile; fileRef = FB7B242D26CF848100919BDB /* ProfileVC.swift */; };
		FBCBB62D26AE373F008523DC /* AppDelegate.swift in Sources */ = {isa = PBXBuildFile; fileRef = FBCBB62C26AE373F008523DC /* AppDelegate.swift */; };
		FBCBB63426AE373F008523DC /* Main.storyboard in Resources */ = {isa = PBXBuildFile; fileRef = FBCBB63226AE373F008523DC /* Main.storyboard */; };
		FBCBB63726AE373F008523DC /* MyMemory.xcdatamodeld in Sources */ = {isa = PBXBuildFile; fileRef = FBCBB63526AE373F008523DC /* MyMemory.xcdatamodeld */; };
		FBCBB63926AE373F008523DC /* Assets.xcassets in Resources */ = {isa = PBXBuildFile; fileRef = FBCBB63826AE373F008523DC /* Assets.xcassets */; };
		FBCBB63C26AE373F008523DC /* LaunchScreen.storyboard in Resources */ = {isa = PBXBuildFile; fileRef = FBCBB63A26AE373F008523DC /* LaunchScreen.storyboard */; };
		FBCBB64426AE4BF0008523DC /* MemoListVC.swift in Sources */ = {isa = PBXBuildFile; fileRef = FBCBB64326AE4BF0008523DC /* MemoListVC.swift */; };
		FBCBB64626AE4C14008523DC /* MemoFormVC.swift in Sources */ = {isa = PBXBuildFile; fileRef = FBCBB64526AE4C14008523DC /* MemoFormVC.swift */; };
		FBCBB64826AE4C26008523DC /* MemoReadVC.swift in Sources */ = {isa = PBXBuildFile; fileRef = FBCBB64726AE4C26008523DC /* MemoReadVC.swift */; };
		FBCBB64A26AE4C77008523DC /* MemoCell.swift in Sources */ = {isa = PBXBuildFile; fileRef = FBCBB64926AE4C77008523DC /* MemoCell.swift */; };
		FBCBB64C26AE4E6B008523DC /* MemoData.swift in Sources */ = {isa = PBXBuildFile; fileRef = FBCBB64B26AE4E6B008523DC /* MemoData.swift */; };
		FBD3915426D130110068C282 /* SWRevealViewController.m in Sources */ = {isa = PBXBuildFile; fileRef = FBD3915226D130110068C282 /* SWRevealViewController.m */; };
		FBD3915F26D130EC0068C282 /* icon04.png in Resources */ = {isa = PBXBuildFile; fileRef = FBD3915626D130EC0068C282 /* icon04.png */; };
		FBD3916026D130EC0068C282 /* profile-bg.png in Resources */ = {isa = PBXBuildFile; fileRef = FBD3915726D130EC0068C282 /* profile-bg.png */; };
		FBD3916126D130EC0068C282 /* icon01.png in Resources */ = {isa = PBXBuildFile; fileRef = FBD3915826D130EC0068C282 /* icon01.png */; };
		FBD3916226D130EC0068C282 /* icon05.png in Resources */ = {isa = PBXBuildFile; fileRef = FBD3915926D130EC0068C282 /* icon05.png */; };
		FBD3916326D130EC0068C282 /* icon02.png in Resources */ = {isa = PBXBuildFile; fileRef = FBD3915A26D130EC0068C282 /* icon02.png */; };
		FBD3916426D130EC0068C282 /* icon06.png in Resources */ = {isa = PBXBuildFile; fileRef = FBD3915B26D130EC0068C282 /* icon06.png */; };
		FBD3916526D130EC0068C282 /* sidemenu.png in Resources */ = {isa = PBXBuildFile; fileRef = FBD3915C26D130EC0068C282 /* sidemenu.png */; };
		FBD3916626D130EC0068C282 /* account@2x.jpg in Resources */ = {isa = PBXBuildFile; fileRef = FBD3915D26D130EC0068C282 /* account@2x.jpg */; };
		FBD3916726D130EC0068C282 /* icon03.png in Resources */ = {isa = PBXBuildFile; fileRef = FBD3915E26D130EC0068C282 /* icon03.png */; };
		FBD3916926D135A60068C282 /* SideBarVC.swift in Sources */ = {isa = PBXBuildFile; fileRef = FBD3916826D135A60068C282 /* SideBarVC.swift */; };
		FBEDB42B26D26F030023A543 /* Tutorial.storyboard in Resources */ = {isa = PBXBuildFile; fileRef = FBEDB42A26D26F030023A543 /* Tutorial.storyboard */; };
		FBEDB42D26D276CF0023A543 /* Utils.swift in Sources */ = {isa = PBXBuildFile; fileRef = FBEDB42C26D276CF0023A543 /* Utils.swift */; };
		FBEDB42F26D277DB0023A543 /* TutorialContentsVC.swift in Sources */ = {isa = PBXBuildFile; fileRef = FBEDB42E26D277DB0023A543 /* TutorialContentsVC.swift */; };
		FBEDB43226D27B4A0023A543 /* TutorialMasterVC.swift in Sources */ = {isa = PBXBuildFile; fileRef = FBEDB43126D27B4A0023A543 /* TutorialMasterVC.swift */; };
/* End PBXBuildFile section */

/* Begin PBXFileReference section */
		FB276EEE26D7680C007B69EB /* MemoDAO.swift */ = {isa = PBXFileReference; lastKnownFileType = sourcecode.swift; path = MemoDAO.swift; sourceTree = "<group>"; };
		FB7B242B26CF7C8300919BDB /* UserInfoManager.swift */ = {isa = PBXFileReference; lastKnownFileType = sourcecode.swift; path = UserInfoManager.swift; sourceTree = "<group>"; };
		FB7B242D26CF848100919BDB /* ProfileVC.swift */ = {isa = PBXFileReference; lastKnownFileType = sourcecode.swift; path = ProfileVC.swift; sourceTree = "<group>"; };
		FBCBB62926AE373F008523DC /* MyMemory.app */ = {isa = PBXFileReference; explicitFileType = wrapper.application; includeInIndex = 0; path = MyMemory.app; sourceTree = BUILT_PRODUCTS_DIR; };
		FBCBB62C26AE373F008523DC /* AppDelegate.swift */ = {isa = PBXFileReference; lastKnownFileType = sourcecode.swift; path = AppDelegate.swift; sourceTree = "<group>"; };
		FBCBB63326AE373F008523DC /* Base */ = {isa = PBXFileReference; lastKnownFileType = file.storyboard; name = Base; path = Base.lproj/Main.storyboard; sourceTree = "<group>"; };
		FBCBB63626AE373F008523DC /* MyMemory.xcdatamodel */ = {isa = PBXFileReference; lastKnownFileType = wrapper.xcdatamodel; path = MyMemory.xcdatamodel; sourceTree = "<group>"; };
		FBCBB63826AE373F008523DC /* Assets.xcassets */ = {isa = PBXFileReference; lastKnownFileType = folder.assetcatalog; path = Assets.xcassets; sourceTree = "<group>"; };
		FBCBB63B26AE373F008523DC /* Base */ = {isa = PBXFileReference; lastKnownFileType = file.storyboard; name = Base; path = Base.lproj/LaunchScreen.storyboard; sourceTree = "<group>"; };
		FBCBB63D26AE373F008523DC /* Info.plist */ = {isa = PBXFileReference; lastKnownFileType = text.plist.xml; path = Info.plist; sourceTree = "<group>"; };
		FBCBB64326AE4BF0008523DC /* MemoListVC.swift */ = {isa = PBXFileReference; lastKnownFileType = sourcecode.swift; path = MemoListVC.swift; sourceTree = "<group>"; };
		FBCBB64526AE4C14008523DC /* MemoFormVC.swift */ = {isa = PBXFileReference; lastKnownFileType = sourcecode.swift; path = MemoFormVC.swift; sourceTree = "<group>"; };
		FBCBB64726AE4C26008523DC /* MemoReadVC.swift */ = {isa = PBXFileReference; lastKnownFileType = sourcecode.swift; path = MemoReadVC.swift; sourceTree = "<group>"; };
		FBCBB64926AE4C77008523DC /* MemoCell.swift */ = {isa = PBXFileReference; lastKnownFileType = sourcecode.swift; path = MemoCell.swift; sourceTree = "<group>"; };
		FBCBB64B26AE4E6B008523DC /* MemoData.swift */ = {isa = PBXFileReference; lastKnownFileType = sourcecode.swift; path = MemoData.swift; sourceTree = "<group>"; };
		FBD3915126D130110068C282 /* MyMemory-Bridging-Header.h */ = {isa = PBXFileReference; lastKnownFileType = sourcecode.c.h; path = "MyMemory-Bridging-Header.h"; sourceTree = "<group>"; };
		FBD3915226D130110068C282 /* SWRevealViewController.m */ = {isa = PBXFileReference; fileEncoding = 4; lastKnownFileType = sourcecode.c.objc; path = SWRevealViewController.m; sourceTree = "<group>"; };
		FBD3915326D130110068C282 /* SWRevealViewController.h */ = {isa = PBXFileReference; fileEncoding = 4; lastKnownFileType = sourcecode.c.h; path = SWRevealViewController.h; sourceTree = "<group>"; };
		FBD3915626D130EC0068C282 /* icon04.png */ = {isa = PBXFileReference; lastKnownFileType = image.png; path = icon04.png; sourceTree = "<group>"; };
		FBD3915726D130EC0068C282 /* profile-bg.png */ = {isa = PBXFileReference; lastKnownFileType = image.png; path = "profile-bg.png"; sourceTree = "<group>"; };
		FBD3915826D130EC0068C282 /* icon01.png */ = {isa = PBXFileReference; lastKnownFileType = image.png; path = icon01.png; sourceTree = "<group>"; };
		FBD3915926D130EC0068C282 /* icon05.png */ = {isa = PBXFileReference; lastKnownFileType = image.png; path = icon05.png; sourceTree = "<group>"; };
		FBD3915A26D130EC0068C282 /* icon02.png */ = {isa = PBXFileReference; lastKnownFileType = image.png; path = icon02.png; sourceTree = "<group>"; };
		FBD3915B26D130EC0068C282 /* icon06.png */ = {isa = PBXFileReference; lastKnownFileType = image.png; path = icon06.png; sourceTree = "<group>"; };
		FBD3915C26D130EC0068C282 /* sidemenu.png */ = {isa = PBXFileReference; lastKnownFileType = image.png; path = sidemenu.png; sourceTree = "<group>"; };
		FBD3915D26D130EC0068C282 /* account@2x.jpg */ = {isa = PBXFileReference; lastKnownFileType = image.jpeg; path = "account@2x.jpg"; sourceTree = "<group>"; };
		FBD3915E26D130EC0068C282 /* icon03.png */ = {isa = PBXFileReference; lastKnownFileType = image.png; path = icon03.png; sourceTree = "<group>"; };
		FBD3916826D135A60068C282 /* SideBarVC.swift */ = {isa = PBXFileReference; lastKnownFileType = sourcecode.swift; path = SideBarVC.swift; sourceTree = "<group>"; };
		FBEDB42A26D26F030023A543 /* Tutorial.storyboard */ = {isa = PBXFileReference; lastKnownFileType = file.storyboard; path = Tutorial.storyboard; sourceTree = "<group>"; };
		FBEDB42C26D276CF0023A543 /* Utils.swift */ = {isa = PBXFileReference; lastKnownFileType = sourcecode.swift; path = Utils.swift; sourceTree = "<group>"; };
		FBEDB42E26D277DB0023A543 /* TutorialContentsVC.swift */ = {isa = PBXFileReference; lastKnownFileType = sourcecode.swift; path = TutorialContentsVC.swift; sourceTree = "<group>"; };
		FBEDB43126D27B4A0023A543 /* TutorialMasterVC.swift */ = {isa = PBXFileReference; lastKnownFileType = sourcecode.swift; path = TutorialMasterVC.swift; sourceTree = "<group>"; };
/* End PBXFileReference section */

/* Begin PBXFrameworksBuildPhase section */
		FBCBB62626AE373F008523DC /* Frameworks */ = {
			isa = PBXFrameworksBuildPhase;
			buildActionMask = 2147483647;
			files = (
			);
			runOnlyForDeploymentPostprocessing = 0;
		};
/* End PBXFrameworksBuildPhase section */

/* Begin PBXGroup section */
		FBCBB62026AE373F008523DC = {
			isa = PBXGroup;
			children = (
				FBD3915526D130C60068C282 /* Resources */,
				FBCBB62B26AE373F008523DC /* MyMemory */,
				FBCBB62A26AE373F008523DC /* Products */,
			);
			sourceTree = "<group>";
		};
		FBCBB62A26AE373F008523DC /* Products */ = {
			isa = PBXGroup;
			children = (
				FBCBB62926AE373F008523DC /* MyMemory.app */,
			);
			name = Products;
			sourceTree = "<group>";
		};
		FBCBB62B26AE373F008523DC /* MyMemory */ = {
			isa = PBXGroup;
			children = (
				FBEDB43026D278740023A543 /* Tutorial */,
				FBD3915326D130110068C282 /* SWRevealViewController.h */,
				FBD3915226D130110068C282 /* SWRevealViewController.m */,
				FBCBB62C26AE373F008523DC /* AppDelegate.swift */,
				FBCBB63226AE373F008523DC /* Main.storyboard */,
				FBEDB42A26D26F030023A543 /* Tutorial.storyboard */,
				FB276EEE26D7680C007B69EB /* MemoDAO.swift */,
				FBCBB64B26AE4E6B008523DC /* MemoData.swift */,
				FBCBB64926AE4C77008523DC /* MemoCell.swift */,
				FBCBB64326AE4BF0008523DC /* MemoListVC.swift */,
				FBCBB64526AE4C14008523DC /* MemoFormVC.swift */,
				FBCBB64726AE4C26008523DC /* MemoReadVC.swift */,
				FBD3916826D135A60068C282 /* SideBarVC.swift */,
				FB7B242D26CF848100919BDB /* ProfileVC.swift */,
				FB7B242B26CF7C8300919BDB /* UserInfoManager.swift */,
				FBCBB63826AE373F008523DC /* Assets.xcassets */,
				FBCBB63A26AE373F008523DC /* LaunchScreen.storyboard */,
				FBCBB63D26AE373F008523DC /* Info.plist */,
				FBCBB63526AE373F008523DC /* MyMemory.xcdatamodeld */,
				FBD3915126D130110068C282 /* MyMemory-Bridging-Header.h */,
				FBEDB42C26D276CF0023A543 /* Utils.swift */,
			);
			path = MyMemory;
			sourceTree = "<group>";
		};
		FBD3915526D130C60068C282 /* Resources */ = {
			isa = PBXGroup;
			children = (
				FBD3915D26D130EC0068C282 /* account@2x.jpg */,
				FBD3915826D130EC0068C282 /* icon01.png */,
				FBD3915A26D130EC0068C282 /* icon02.png */,
				FBD3915E26D130EC0068C282 /* icon03.png */,
				FBD3915626D130EC0068C282 /* icon04.png */,
				FBD3915926D130EC0068C282 /* icon05.png */,
				FBD3915B26D130EC0068C282 /* icon06.png */,
				FBD3915726D130EC0068C282 /* profile-bg.png */,
				FBD3915C26D130EC0068C282 /* sidemenu.png */,
			);
			path = Resources;
			sourceTree = "<group>";
		};
		FBEDB43026D278740023A543 /* Tutorial */ = {
			isa = PBXGroup;
			children = (
				FBEDB42E26D277DB0023A543 /* TutorialContentsVC.swift */,
				FBEDB43126D27B4A0023A543 /* TutorialMasterVC.swift */,
			);
			path = Tutorial;
			sourceTree = "<group>";
		};
/* End PBXGroup section */

/* Begin PBXNativeTarget section */
		FBCBB62826AE373F008523DC /* MyMemory */ = {
			isa = PBXNativeTarget;
			buildConfigurationList = FBCBB64026AE373F008523DC /* Build configuration list for PBXNativeTarget "MyMemory" */;
			buildPhases = (
				FBCBB62526AE373F008523DC /* Sources */,
				FBCBB62626AE373F008523DC /* Frameworks */,
				FBCBB62726AE373F008523DC /* Resources */,
			);
			buildRules = (
			);
			dependencies = (
			);
			name = MyMemory;
			productName = MyMemory;
			productReference = FBCBB62926AE373F008523DC /* MyMemory.app */;
			productType = "com.apple.product-type.application";
		};
/* End PBXNativeTarget section */

/* Begin PBXProject section */
		FBCBB62126AE373F008523DC /* Project object */ = {
			isa = PBXProject;
			attributes = {
				LastSwiftUpdateCheck = 1250;
				LastUpgradeCheck = 1250;
				TargetAttributes = {
					FBCBB62826AE373F008523DC = {
						CreatedOnToolsVersion = 12.5.1;
						LastSwiftMigration = 1250;
					};
				};
			};
			buildConfigurationList = FBCBB62426AE373F008523DC /* Build configuration list for PBXProject "MyMemory" */;
			compatibilityVersion = "Xcode 9.3";
			developmentRegion = en;
			hasScannedForEncodings = 0;
			knownRegions = (
				en,
				Base,
			);
			mainGroup = FBCBB62026AE373F008523DC;
			productRefGroup = FBCBB62A26AE373F008523DC /* Products */;
			projectDirPath = "";
			projectRoot = "";
			targets = (
				FBCBB62826AE373F008523DC /* MyMemory */,
			);
		};
/* End PBXProject section */

/* Begin PBXResourcesBuildPhase section */
		FBCBB62726AE373F008523DC /* Resources */ = {
			isa = PBXResourcesBuildPhase;
			buildActionMask = 2147483647;
			files = (
				FBD3916326D130EC0068C282 /* icon02.png in Resources */,
				FBD3916226D130EC0068C282 /* icon05.png in Resources */,
				FBCBB63C26AE373F008523DC /* LaunchScreen.storyboard in Resources */,
				FBCBB63926AE373F008523DC /* Assets.xcassets in Resources */,
				FBEDB42B26D26F030023A543 /* Tutorial.storyboard in Resources */,
				FBD3915F26D130EC0068C282 /* icon04.png in Resources */,
				FBCBB63426AE373F008523DC /* Main.storyboard in Resources */,
				FBD3916426D130EC0068C282 /* icon06.png in Resources */,
				FBD3916526D130EC0068C282 /* sidemenu.png in Resources */,
				FBD3916026D130EC0068C282 /* profile-bg.png in Resources */,
				FBD3916726D130EC0068C282 /* icon03.png in Resources */,
				FBD3916126D130EC0068C282 /* icon01.png in Resources */,
				FBD3916626D130EC0068C282 /* account@2x.jpg in Resources */,
			);
			runOnlyForDeploymentPostprocessing = 0;
		};
/* End PBXResourcesBuildPhase section */

/* Begin PBXSourcesBuildPhase section */
		FBCBB62526AE373F008523DC /* Sources */ = {
			isa = PBXSourcesBuildPhase;
			buildActionMask = 2147483647;
			files = (
				FBCBB64426AE4BF0008523DC /* MemoListVC.swift in Sources */,
				FB276EEF26D7680C007B69EB /* MemoDAO.swift in Sources */,
				FBD3916926D135A60068C282 /* SideBarVC.swift in Sources */,
				FBCBB64826AE4C26008523DC /* MemoReadVC.swift in Sources */,
				FBCBB63726AE373F008523DC /* MyMemory.xcdatamodeld in Sources */,
				FB7B242E26CF848100919BDB /* ProfileVC.swift in Sources */,
				FBCBB64C26AE4E6B008523DC /* MemoData.swift in Sources */,
				FBEDB42F26D277DB0023A543 /* TutorialContentsVC.swift in Sources */,
				FBCBB64626AE4C14008523DC /* MemoFormVC.swift in Sources */,
				FBCBB62D26AE373F008523DC /* AppDelegate.swift in Sources */,
				FBD3915426D130110068C282 /* SWRevealViewController.m in Sources */,
				FBEDB43226D27B4A0023A543 /* TutorialMasterVC.swift in Sources */,
				FB7B242C26CF7C8300919BDB /* UserInfoManager.swift in Sources */,
				FBCBB64A26AE4C77008523DC /* MemoCell.swift in Sources */,
				FBEDB42D26D276CF0023A543 /* Utils.swift in Sources */,
			);
			runOnlyForDeploymentPostprocessing = 0;
		};
/* End PBXSourcesBuildPhase section */

/* Begin PBXVariantGroup section */
		FBCBB63226AE373F008523DC /* Main.storyboard */ = {
			isa = PBXVariantGroup;
			children = (
				FBCBB63326AE373F008523DC /* Base */,
			);
			name = Main.storyboard;
			sourceTree = "<group>";
		};
		FBCBB63A26AE373F008523DC /* LaunchScreen.storyboard */ = {
			isa = PBXVariantGroup;
			children = (
				FBCBB63B26AE373F008523DC /* Base */,
			);
			name = LaunchScreen.storyboard;
			sourceTree = "<group>";
		};
/* End PBXVariantGroup section */

/* Begin XCBuildConfiguration section */
		FBCBB63E26AE373F008523DC /* Debug */ = {
			isa = XCBuildConfiguration;
			buildSettings = {
				ALWAYS_SEARCH_USER_PATHS = NO;
				CLANG_ANALYZER_NONNULL = YES;
				CLANG_ANALYZER_NUMBER_OBJECT_CONVERSION = YES_AGGRESSIVE;
				CLANG_CXX_LANGUAGE_STANDARD = "gnu++14";
				CLANG_CXX_LIBRARY = "libc++";
				CLANG_ENABLE_MODULES = YES;
				CLANG_ENABLE_OBJC_ARC = YES;
				CLANG_ENABLE_OBJC_WEAK = YES;
				CLANG_WARN_BLOCK_CAPTURE_AUTORELEASING = YES;
				CLANG_WARN_BOOL_CONVERSION = YES;
				CLANG_WARN_COMMA = YES;
				CLANG_WARN_CONSTANT_CONVERSION = YES;
				CLANG_WARN_DEPRECATED_OBJC_IMPLEMENTATIONS = YES;
				CLANG_WARN_DIRECT_OBJC_ISA_USAGE = YES_ERROR;
				CLANG_WARN_DOCUMENTATION_COMMENTS = YES;
				CLANG_WARN_EMPTY_BODY = YES;
				CLANG_WARN_ENUM_CONVERSION = YES;
				CLANG_WARN_INFINITE_RECURSION = YES;
				CLANG_WARN_INT_CONVERSION = YES;
				CLANG_WARN_NON_LITERAL_NULL_CONVERSION = YES;
				CLANG_WARN_OBJC_IMPLICIT_RETAIN_SELF = YES;
				CLANG_WARN_OBJC_LITERAL_CONVERSION = YES;
				CLANG_WARN_OBJC_ROOT_CLASS = YES_ERROR;
				CLANG_WARN_QUOTED_INCLUDE_IN_FRAMEWORK_HEADER = YES;
				CLANG_WARN_RANGE_LOOP_ANALYSIS = YES;
				CLANG_WARN_STRICT_PROTOTYPES = YES;
				CLANG_WARN_SUSPICIOUS_MOVE = YES;
				CLANG_WARN_UNGUARDED_AVAILABILITY = YES_AGGRESSIVE;
				CLANG_WARN_UNREACHABLE_CODE = YES;
				CLANG_WARN__DUPLICATE_METHOD_MATCH = YES;
				COPY_PHASE_STRIP = NO;
				DEBUG_INFORMATION_FORMAT = dwarf;
				ENABLE_STRICT_OBJC_MSGSEND = YES;
				ENABLE_TESTABILITY = YES;
				GCC_C_LANGUAGE_STANDARD = gnu11;
				GCC_DYNAMIC_NO_PIC = NO;
				GCC_NO_COMMON_BLOCKS = YES;
				GCC_OPTIMIZATION_LEVEL = 0;
				GCC_PREPROCESSOR_DEFINITIONS = (
					"DEBUG=1",
					"$(inherited)",
				);
				GCC_WARN_64_TO_32_BIT_CONVERSION = YES;
				GCC_WARN_ABOUT_RETURN_TYPE = YES_ERROR;
				GCC_WARN_UNDECLARED_SELECTOR = YES;
				GCC_WARN_UNINITIALIZED_AUTOS = YES_AGGRESSIVE;
				GCC_WARN_UNUSED_FUNCTION = YES;
				GCC_WARN_UNUSED_VARIABLE = YES;
				IPHONEOS_DEPLOYMENT_TARGET = 14.5;
				MTL_ENABLE_DEBUG_INFO = INCLUDE_SOURCE;
				MTL_FAST_MATH = YES;
				ONLY_ACTIVE_ARCH = YES;
				SDKROOT = iphoneos;
				SWIFT_ACTIVE_COMPILATION_CONDITIONS = DEBUG;
				SWIFT_OPTIMIZATION_LEVEL = "-Onone";
			};
			name = Debug;
		};
		FBCBB63F26AE373F008523DC /* Release */ = {
			isa = XCBuildConfiguration;
			buildSettings = {
				ALWAYS_SEARCH_USER_PATHS = NO;
				CLANG_ANALYZER_NONNULL = YES;
				CLANG_ANALYZER_NUMBER_OBJECT_CONVERSION = YES_AGGRESSIVE;
				CLANG_CXX_LANGUAGE_STANDARD = "gnu++14";
				CLANG_CXX_LIBRARY = "libc++";
				CLANG_ENABLE_MODULES = YES;
				CLANG_ENABLE_OBJC_ARC = YES;
				CLANG_ENABLE_OBJC_WEAK = YES;
				CLANG_WARN_BLOCK_CAPTURE_AUTORELEASING = YES;
				CLANG_WARN_BOOL_CONVERSION = YES;
				CLANG_WARN_COMMA = YES;
				CLANG_WARN_CONSTANT_CONVERSION = YES;
				CLANG_WARN_DEPRECATED_OBJC_IMPLEMENTATIONS = YES;
				CLANG_WARN_DIRECT_OBJC_ISA_USAGE = YES_ERROR;
				CLANG_WARN_DOCUMENTATION_COMMENTS = YES;
				CLANG_WARN_EMPTY_BODY = YES;
				CLANG_WARN_ENUM_CONVERSION = YES;
				CLANG_WARN_INFINITE_RECURSION = YES;
				CLANG_WARN_INT_CONVERSION = YES;
				CLANG_WARN_NON_LITERAL_NULL_CONVERSION = YES;
				CLANG_WARN_OBJC_IMPLICIT_RETAIN_SELF = YES;
				CLANG_WARN_OBJC_LITERAL_CONVERSION = YES;
				CLANG_WARN_OBJC_ROOT_CLASS = YES_ERROR;
				CLANG_WARN_QUOTED_INCLUDE_IN_FRAMEWORK_HEADER = YES;
				CLANG_WARN_RANGE_LOOP_ANALYSIS = YES;
				CLANG_WARN_STRICT_PROTOTYPES = YES;
				CLANG_WARN_SUSPICIOUS_MOVE = YES;
				CLANG_WARN_UNGUARDED_AVAILABILITY = YES_AGGRESSIVE;
				CLANG_WARN_UNREACHABLE_CODE = YES;
				CLANG_WARN__DUPLICATE_METHOD_MATCH = YES;
				COPY_PHASE_STRIP = NO;
				DEBUG_INFORMATION_FORMAT = "dwarf-with-dsym";
				ENABLE_NS_ASSERTIONS = NO;
				ENABLE_STRICT_OBJC_MSGSEND = YES;
				GCC_C_LANGUAGE_STANDARD = gnu11;
				GCC_NO_COMMON_BLOCKS = YES;
				GCC_WARN_64_TO_32_BIT_CONVERSION = YES;
				GCC_WARN_ABOUT_RETURN_TYPE = YES_ERROR;
				GCC_WARN_UNDECLARED_SELECTOR = YES;
				GCC_WARN_UNINITIALIZED_AUTOS = YES_AGGRESSIVE;
				GCC_WARN_UNUSED_FUNCTION = YES;
				GCC_WARN_UNUSED_VARIABLE = YES;
				IPHONEOS_DEPLOYMENT_TARGET = 14.5;
				MTL_ENABLE_DEBUG_INFO = NO;
				MTL_FAST_MATH = YES;
				SDKROOT = iphoneos;
				SWIFT_COMPILATION_MODE = wholemodule;
				SWIFT_OPTIMIZATION_LEVEL = "-O";
				VALIDATE_PRODUCT = YES;
			};
			name = Release;
		};
		FBCBB64126AE373F008523DC /* Debug */ = {
			isa = XCBuildConfiguration;
			buildSettings = {
				ASSETCATALOG_COMPILER_APPICON_NAME = AppIcon;
				ASSETCATALOG_COMPILER_GLOBAL_ACCENT_COLOR_NAME = AccentColor;
				CLANG_ENABLE_MODULES = YES;
				CODE_SIGN_IDENTITY = "iPhone Developer";
				CODE_SIGN_STYLE = Manual;
				DEVELOPMENT_TEAM = 8J3LQT7LJN;
				INFOPLIST_FILE = MyMemory/Info.plist;
				LD_RUNPATH_SEARCH_PATHS = (
					"$(inherited)",
					"@executable_path/Frameworks",
				);
				PRODUCT_BUNDLE_IDENTIFIER = kr.co.hist.MyMemory;
				PRODUCT_NAME = "$(TARGET_NAME)";
				PROVISIONING_PROFILE_SPECIFIER = "HIST Sample - Development";
				SWIFT_OBJC_BRIDGING_HEADER = "MyMemory/MyMemory-Bridging-Header.h";
				SWIFT_OPTIMIZATION_LEVEL = "-Onone";
				SWIFT_VERSION = 5.0;
				TARGETED_DEVICE_FAMILY = "1,2";
			};
			name = Debug;
		};
		FBCBB64226AE373F008523DC /* Release */ = {
			isa = XCBuildConfiguration;
			buildSettings = {
				ASSETCATALOG_COMPILER_APPICON_NAME = AppIcon;
				ASSETCATALOG_COMPILER_GLOBAL_ACCENT_COLOR_NAME = AccentColor;
				CLANG_ENABLE_MODULES = YES;
				CODE_SIGN_IDENTITY = "iPhone Distribution";
				CODE_SIGN_STYLE = Manual;
				DEVELOPMENT_TEAM = 8J3LQT7LJN;
				INFOPLIST_FILE = MyMemory/Info.plist;
				LD_RUNPATH_SEARCH_PATHS = (
					"$(inherited)",
					"@executable_path/Frameworks",
				);
				PRODUCT_BUNDLE_IDENTIFIER = kr.co.hist.MyMemory;
				PRODUCT_NAME = "$(TARGET_NAME)";
				PROVISIONING_PROFILE_SPECIFIER = "HIST Sample - Ad hoc";
				SWIFT_OBJC_BRIDGING_HEADER = "MyMemory/MyMemory-Bridging-Header.h";
				SWIFT_VERSION = 5.0;
				TARGETED_DEVICE_FAMILY = "1,2";
			};
			name = Release;
		};
/* End XCBuildConfiguration section */

/* Begin XCConfigurationList section */
		FBCBB62426AE373F008523DC /* Build configuration list for PBXProject "MyMemory" */ = {
			isa = XCConfigurationList;
			buildConfigurations = (
				FBCBB63E26AE373F008523DC /* Debug */,
				FBCBB63F26AE373F008523DC /* Release */,
			);
			defaultConfigurationIsVisible = 0;
			defaultConfigurationName = Release;
		};
		FBCBB64026AE373F008523DC /* Build configuration list for PBXNativeTarget "MyMemory" */ = {
			isa = XCConfigurationList;
			buildConfigurations = (
				FBCBB64126AE373F008523DC /* Debug */,
				FBCBB64226AE373F008523DC /* Release */,
			);
			defaultConfigurationIsVisible = 0;
			defaultConfigurationName = Release;
		};
/* End XCConfigurationList section */

/* Begin XCVersionGroup section */
		FBCBB63526AE373F008523DC /* MyMemory.xcdatamodeld */ = {
			isa = XCVersionGroup;
			children = (
				FBCBB63626AE373F008523DC /* MyMemory.xcdatamodel */,
			);
			currentVersion = FBCBB63626AE373F008523DC /* MyMemory.xcdatamodel */;
			path = MyMemory.xcdatamodeld;
			sourceTree = "<group>";
			versionGroupType = wrapper.xcdatamodel;
		};
/* End XCVersionGroup section */
	};
	rootObject = FBCBB62126AE373F008523DC /* Project object */;
}
